// !$*UTF8*$!
{
	archiveVersion = 1;
	classes = {
	};
	objectVersion = 56;
	objects = {

/* Begin PBXBuildFile section */
		CE0CE3572C52C5F300C3D779 /* GoogleService-Info.plist in Resources */ = {isa = PBXBuildFile; fileRef = CE0CE3562C52C5F300C3D779 /* GoogleService-Info.plist */; };
		CE2DE5932C6B9EE7008DE8FB /* EditHabitView.swift in Sources */ = {isa = PBXBuildFile; fileRef = CE2DE5922C6B9EE7008DE8FB /* EditHabitView.swift */; };
		CE2DE5952C6BA206008DE8FB /* HabitRowView.swift in Sources */ = {isa = PBXBuildFile; fileRef = CE2DE5942C6BA206008DE8FB /* HabitRowView.swift */; };
		CE2DE5972C6BA7E8008DE8FB /* AppViewModel.swift in Sources */ = {isa = PBXBuildFile; fileRef = CE2DE5962C6BA7E8008DE8FB /* AppViewModel.swift */; };
		CE414DB52C24BAEE00ACD9CF /* FirebaseAuth in Frameworks */ = {isa = PBXBuildFile; productRef = CE414DB42C24BAEE00ACD9CF /* FirebaseAuth */; };
		CE414DBB2C24BAEE00ACD9CF /* FirebaseFirestore in Frameworks */ = {isa = PBXBuildFile; productRef = CE414DBA2C24BAEE00ACD9CF /* FirebaseFirestore */; };
		CE414DBF2C24BAEE00ACD9CF /* FirebaseFirestoreSwift in Frameworks */ = {isa = PBXBuildFile; productRef = CE414DBE2C24BAEE00ACD9CF /* FirebaseFirestoreSwift */; };
		CE4886C32C24B5A100FC398E /* StartView.swift in Sources */ = {isa = PBXBuildFile; fileRef = CE4886C22C24B5A100FC398E /* StartView.swift */; };
		CE4886C52C24B5B500FC398E /* LoginView.swift in Sources */ = {isa = PBXBuildFile; fileRef = CE4886C42C24B5B500FC398E /* LoginView.swift */; };
		CE4886C72C24B5EA00FC398E /* HabitListView.swift in Sources */ = {isa = PBXBuildFile; fileRef = CE4886C62C24B5EA00FC398E /* HabitListView.swift */; };
		CE4886C92C24B60A00FC398E /* HabitViewModel.swift in Sources */ = {isa = PBXBuildFile; fileRef = CE4886C82C24B60A00FC398E /* HabitViewModel.swift */; };
		CE4886CB2C24B61C00FC398E /* Habit.swift in Sources */ = {isa = PBXBuildFile; fileRef = CE4886CA2C24B61C00FC398E /* Habit.swift */; };
		CE4886CD2C24B63C00FC398E /* FIrebaseService.swift in Sources */ = {isa = PBXBuildFile; fileRef = CE4886CC2C24B63C00FC398E /* FIrebaseService.swift */; };
		CE5FAE9C2C2896C50063F30A /* TopBar.swift in Sources */ = {isa = PBXBuildFile; fileRef = CE5FAE9B2C2896C50063F30A /* TopBar.swift */; };
		CE9EDD462C6A5A4E003FB401 /* UserViewModel.swift in Sources */ = {isa = PBXBuildFile; fileRef = CE9EDD452C6A5A4E003FB401 /* UserViewModel.swift */; };
		CE9EDD482C6A5A67003FB401 /* User.swift in Sources */ = {isa = PBXBuildFile; fileRef = CE9EDD472C6A5A67003FB401 /* User.swift */; };
		CE9F7E502C6A145A00C46550 /* CreateAccountView.swift in Sources */ = {isa = PBXBuildFile; fileRef = CE9F7E4F2C6A145A00C46550 /* CreateAccountView.swift */; };
		CEBC6FA32C24BECC003873C9 /* AddHabitView.swift in Sources */ = {isa = PBXBuildFile; fileRef = CEBC6FA22C24BECC003873C9 /* AddHabitView.swift */; };
		CECF45122C1FF0B3000DB293 /* HabitManagerApp.swift in Sources */ = {isa = PBXBuildFile; fileRef = CECF45112C1FF0B3000DB293 /* HabitManagerApp.swift */; };
		CECF45162C1FF0B5000DB293 /* Assets.xcassets in Resources */ = {isa = PBXBuildFile; fileRef = CECF45152C1FF0B5000DB293 /* Assets.xcassets */; };
		CECF45192C1FF0B5000DB293 /* Preview Assets.xcassets in Resources */ = {isa = PBXBuildFile; fileRef = CECF45182C1FF0B5000DB293 /* Preview Assets.xcassets */; };
		CECF451B2C1FF0B5000DB293 /* Persistence.swift in Sources */ = {isa = PBXBuildFile; fileRef = CECF451A2C1FF0B5000DB293 /* Persistence.swift */; };
		CECF451E2C1FF0B5000DB293 /* HabitManager.xcdatamodeld in Sources */ = {isa = PBXBuildFile; fileRef = CECF451C2C1FF0B5000DB293 /* HabitManager.xcdatamodeld */; };
		CECF45282C1FF0B5000DB293 /* HabitManagerTests.swift in Sources */ = {isa = PBXBuildFile; fileRef = CECF45272C1FF0B5000DB293 /* HabitManagerTests.swift */; };
		CECF45322C1FF0B5000DB293 /* HabitManagerUITests.swift in Sources */ = {isa = PBXBuildFile; fileRef = CECF45312C1FF0B5000DB293 /* HabitManagerUITests.swift */; };
		CECF45342C1FF0B5000DB293 /* HabitManagerUITestsLaunchTests.swift in Sources */ = {isa = PBXBuildFile; fileRef = CECF45332C1FF0B5000DB293 /* HabitManagerUITestsLaunchTests.swift */; };
/* End PBXBuildFile section */

/* Begin PBXContainerItemProxy section */
		CECF45242C1FF0B5000DB293 /* PBXContainerItemProxy */ = {
			isa = PBXContainerItemProxy;
			containerPortal = CECF45062C1FF0B3000DB293 /* Project object */;
			proxyType = 1;
			remoteGlobalIDString = CECF450D2C1FF0B3000DB293;
			remoteInfo = HabitManager;
		};
		CECF452E2C1FF0B5000DB293 /* PBXContainerItemProxy */ = {
			isa = PBXContainerItemProxy;
			containerPortal = CECF45062C1FF0B3000DB293 /* Project object */;
			proxyType = 1;
			remoteGlobalIDString = CECF450D2C1FF0B3000DB293;
			remoteInfo = HabitManager;
		};
/* End PBXContainerItemProxy section */

/* Begin PBXFileReference section */
		CE0CE3562C52C5F300C3D779 /* GoogleService-Info.plist */ = {isa = PBXFileReference; fileEncoding = 4; lastKnownFileType = text.plist.xml; name = "GoogleService-Info.plist"; path = "HabitManager/GoogleService-Info.plist"; sourceTree = "<group>"; };
		CE2DE5922C6B9EE7008DE8FB /* EditHabitView.swift */ = {isa = PBXFileReference; lastKnownFileType = sourcecode.swift; path = EditHabitView.swift; sourceTree = "<group>"; };
		CE2DE5942C6BA206008DE8FB /* HabitRowView.swift */ = {isa = PBXFileReference; lastKnownFileType = sourcecode.swift; path = HabitRowView.swift; sourceTree = "<group>"; };
		CE2DE5962C6BA7E8008DE8FB /* AppViewModel.swift */ = {isa = PBXFileReference; lastKnownFileType = sourcecode.swift; path = AppViewModel.swift; sourceTree = "<group>"; };
		CE4886C22C24B5A100FC398E /* StartView.swift */ = {isa = PBXFileReference; lastKnownFileType = sourcecode.swift; path = StartView.swift; sourceTree = "<group>"; };
		CE4886C42C24B5B500FC398E /* LoginView.swift */ = {isa = PBXFileReference; lastKnownFileType = sourcecode.swift; path = LoginView.swift; sourceTree = "<group>"; };
		CE4886C62C24B5EA00FC398E /* HabitListView.swift */ = {isa = PBXFileReference; lastKnownFileType = sourcecode.swift; path = HabitListView.swift; sourceTree = "<group>"; };
		CE4886C82C24B60A00FC398E /* HabitViewModel.swift */ = {isa = PBXFileReference; lastKnownFileType = sourcecode.swift; path = HabitViewModel.swift; sourceTree = "<group>"; };
		CE4886CA2C24B61C00FC398E /* Habit.swift */ = {isa = PBXFileReference; lastKnownFileType = sourcecode.swift; path = Habit.swift; sourceTree = "<group>"; };
		CE4886CC2C24B63C00FC398E /* FIrebaseService.swift */ = {isa = PBXFileReference; lastKnownFileType = sourcecode.swift; path = FIrebaseService.swift; sourceTree = "<group>"; };
		CE5FAE9B2C2896C50063F30A /* TopBar.swift */ = {isa = PBXFileReference; lastKnownFileType = sourcecode.swift; path = TopBar.swift; sourceTree = "<group>"; };
		CE9EDD452C6A5A4E003FB401 /* UserViewModel.swift */ = {isa = PBXFileReference; lastKnownFileType = sourcecode.swift; path = UserViewModel.swift; sourceTree = "<group>"; };
		CE9EDD472C6A5A67003FB401 /* User.swift */ = {isa = PBXFileReference; lastKnownFileType = sourcecode.swift; path = User.swift; sourceTree = "<group>"; };
		CE9F7E4F2C6A145A00C46550 /* CreateAccountView.swift */ = {isa = PBXFileReference; lastKnownFileType = sourcecode.swift; path = CreateAccountView.swift; sourceTree = "<group>"; };
		CEBC6FA22C24BECC003873C9 /* AddHabitView.swift */ = {isa = PBXFileReference; lastKnownFileType = sourcecode.swift; path = AddHabitView.swift; sourceTree = "<group>"; };
		CECF450E2C1FF0B3000DB293 /* HabitManager.app */ = {isa = PBXFileReference; explicitFileType = wrapper.application; includeInIndex = 0; path = HabitManager.app; sourceTree = BUILT_PRODUCTS_DIR; };
		CECF45112C1FF0B3000DB293 /* HabitManagerApp.swift */ = {isa = PBXFileReference; lastKnownFileType = sourcecode.swift; path = HabitManagerApp.swift; sourceTree = "<group>"; };
		CECF45152C1FF0B5000DB293 /* Assets.xcassets */ = {isa = PBXFileReference; lastKnownFileType = folder.assetcatalog; path = Assets.xcassets; sourceTree = "<group>"; };
		CECF45182C1FF0B5000DB293 /* Preview Assets.xcassets */ = {isa = PBXFileReference; lastKnownFileType = folder.assetcatalog; path = "Preview Assets.xcassets"; sourceTree = "<group>"; };
		CECF451A2C1FF0B5000DB293 /* Persistence.swift */ = {isa = PBXFileReference; lastKnownFileType = sourcecode.swift; path = Persistence.swift; sourceTree = "<group>"; };
		CECF451D2C1FF0B5000DB293 /* HabitManager.xcdatamodel */ = {isa = PBXFileReference; lastKnownFileType = wrapper.xcdatamodel; path = HabitManager.xcdatamodel; sourceTree = "<group>"; };
		CECF45232C1FF0B5000DB293 /* HabitManagerTests.xctest */ = {isa = PBXFileReference; explicitFileType = wrapper.cfbundle; includeInIndex = 0; path = HabitManagerTests.xctest; sourceTree = BUILT_PRODUCTS_DIR; };
		CECF45272C1FF0B5000DB293 /* HabitManagerTests.swift */ = {isa = PBXFileReference; lastKnownFileType = sourcecode.swift; path = HabitManagerTests.swift; sourceTree = "<group>"; };
		CECF452D2C1FF0B5000DB293 /* HabitManagerUITests.xctest */ = {isa = PBXFileReference; explicitFileType = wrapper.cfbundle; includeInIndex = 0; path = HabitManagerUITests.xctest; sourceTree = BUILT_PRODUCTS_DIR; };
		CECF45312C1FF0B5000DB293 /* HabitManagerUITests.swift */ = {isa = PBXFileReference; lastKnownFileType = sourcecode.swift; path = HabitManagerUITests.swift; sourceTree = "<group>"; };
		CECF45332C1FF0B5000DB293 /* HabitManagerUITestsLaunchTests.swift */ = {isa = PBXFileReference; lastKnownFileType = sourcecode.swift; path = HabitManagerUITestsLaunchTests.swift; sourceTree = "<group>"; };
/* End PBXFileReference section */

/* Begin PBXFrameworksBuildPhase section */
		CECF450B2C1FF0B3000DB293 /* Frameworks */ = {
			isa = PBXFrameworksBuildPhase;
			buildActionMask = 2147483647;
			files = (
				CE414DB52C24BAEE00ACD9CF /* FirebaseAuth in Frameworks */,
				CE414DBB2C24BAEE00ACD9CF /* FirebaseFirestore in Frameworks */,
				CE414DBF2C24BAEE00ACD9CF /* FirebaseFirestoreSwift in Frameworks */,
			);
			runOnlyForDeploymentPostprocessing = 0;
		};
		CECF45202C1FF0B5000DB293 /* Frameworks */ = {
			isa = PBXFrameworksBuildPhase;
			buildActionMask = 2147483647;
			files = (
			);
			runOnlyForDeploymentPostprocessing = 0;
		};
		CECF452A2C1FF0B5000DB293 /* Frameworks */ = {
			isa = PBXFrameworksBuildPhase;
			buildActionMask = 2147483647;
			files = (
			);
			runOnlyForDeploymentPostprocessing = 0;
		};
/* End PBXFrameworksBuildPhase section */

/* Begin PBXGroup section */
		CE4886BE2C24B41100FC398E /* Models */ = {
			isa = PBXGroup;
			children = (
				CE4886CA2C24B61C00FC398E /* Habit.swift */,
				CE9EDD472C6A5A67003FB401 /* User.swift */,
			);
			path = Models;
			sourceTree = "<group>";
		};
		CE4886BF2C24B43100FC398E /* ViewModels */ = {
			isa = PBXGroup;
			children = (
				CE4886C82C24B60A00FC398E /* HabitViewModel.swift */,
				CE9EDD452C6A5A4E003FB401 /* UserViewModel.swift */,
				CE2DE5962C6BA7E8008DE8FB /* AppViewModel.swift */,
			);
			path = ViewModels;
			sourceTree = "<group>";
		};
		CE4886C02C24B44500FC398E /* Views */ = {
			isa = PBXGroup;
			children = (
				CE4886C22C24B5A100FC398E /* StartView.swift */,
				CE4886C42C24B5B500FC398E /* LoginView.swift */,
				CE9F7E4F2C6A145A00C46550 /* CreateAccountView.swift */,
				CE4886C62C24B5EA00FC398E /* HabitListView.swift */,
				CEBC6FA22C24BECC003873C9 /* AddHabitView.swift */,
				CE2DE5922C6B9EE7008DE8FB /* EditHabitView.swift */,
				CE5FAE9B2C2896C50063F30A /* TopBar.swift */,
				CE2DE5942C6BA206008DE8FB /* HabitRowView.swift */,
			);
			path = Views;
			sourceTree = "<group>";
		};
		CE4886C12C24B45B00FC398E /* Services */ = {
			isa = PBXGroup;
			children = (
				CE4886CC2C24B63C00FC398E /* FIrebaseService.swift */,
			);
			path = Services;
			sourceTree = "<group>";
		};
		CE4886CE2C24B6CF00FC398E /* Frameworks */ = {
			isa = PBXGroup;
			children = (
			);
			name = Frameworks;
			sourceTree = "<group>";
		};
		CECF45052C1FF0B3000DB293 = {
			isa = PBXGroup;
			children = (
				CE0CE3562C52C5F300C3D779 /* GoogleService-Info.plist */,
				CECF45102C1FF0B3000DB293 /* HabitManager */,
				CECF45262C1FF0B5000DB293 /* HabitManagerTests */,
				CECF45302C1FF0B5000DB293 /* HabitManagerUITests */,
				CECF450F2C1FF0B3000DB293 /* Products */,
				CE4886CE2C24B6CF00FC398E /* Frameworks */,
			);
			sourceTree = "<group>";
		};
		CECF450F2C1FF0B3000DB293 /* Products */ = {
			isa = PBXGroup;
			children = (
				CECF450E2C1FF0B3000DB293 /* HabitManager.app */,
				CECF45232C1FF0B5000DB293 /* HabitManagerTests.xctest */,
				CECF452D2C1FF0B5000DB293 /* HabitManagerUITests.xctest */,
			);
			name = Products;
			sourceTree = "<group>";
		};
		CECF45102C1FF0B3000DB293 /* HabitManager */ = {
			isa = PBXGroup;
			children = (
				CECF45112C1FF0B3000DB293 /* HabitManagerApp.swift */,
				CE4886C02C24B44500FC398E /* Views */,
				CE4886BF2C24B43100FC398E /* ViewModels */,
				CE4886BE2C24B41100FC398E /* Models */,
				CE4886C12C24B45B00FC398E /* Services */,
				CECF45152C1FF0B5000DB293 /* Assets.xcassets */,
				CECF451A2C1FF0B5000DB293 /* Persistence.swift */,
				CECF451C2C1FF0B5000DB293 /* HabitManager.xcdatamodeld */,
				CECF45172C1FF0B5000DB293 /* Preview Content */,
			);
			path = HabitManager;
			sourceTree = "<group>";
		};
		CECF45172C1FF0B5000DB293 /* Preview Content */ = {
			isa = PBXGroup;
			children = (
				CECF45182C1FF0B5000DB293 /* Preview Assets.xcassets */,
			);
			path = "Preview Content";
			sourceTree = "<group>";
		};
		CECF45262C1FF0B5000DB293 /* HabitManagerTests */ = {
			isa = PBXGroup;
			children = (
				CECF45272C1FF0B5000DB293 /* HabitManagerTests.swift */,
			);
			path = HabitManagerTests;
			sourceTree = "<group>";
		};
		CECF45302C1FF0B5000DB293 /* HabitManagerUITests */ = {
			isa = PBXGroup;
			children = (
				CECF45312C1FF0B5000DB293 /* HabitManagerUITests.swift */,
				CECF45332C1FF0B5000DB293 /* HabitManagerUITestsLaunchTests.swift */,
			);
			path = HabitManagerUITests;
			sourceTree = "<group>";
		};
/* End PBXGroup section */

/* Begin PBXNativeTarget section */
		CECF450D2C1FF0B3000DB293 /* HabitManager */ = {
			isa = PBXNativeTarget;
			buildConfigurationList = CECF45372C1FF0B5000DB293 /* Build configuration list for PBXNativeTarget "HabitManager" */;
			buildPhases = (
				CECF450A2C1FF0B3000DB293 /* Sources */,
				CECF450B2C1FF0B3000DB293 /* Frameworks */,
				CECF450C2C1FF0B3000DB293 /* Resources */,
			);
			buildRules = (
			);
			dependencies = (
			);
			name = HabitManager;
			packageProductDependencies = (
				CE414DB42C24BAEE00ACD9CF /* FirebaseAuth */,
				CE414DBA2C24BAEE00ACD9CF /* FirebaseFirestore */,
				CE414DBE2C24BAEE00ACD9CF /* FirebaseFirestoreSwift */,
			);
			productName = HabitManager;
			productReference = CECF450E2C1FF0B3000DB293 /* HabitManager.app */;
			productType = "com.apple.product-type.application";
		};
		CECF45222C1FF0B5000DB293 /* HabitManagerTests */ = {
			isa = PBXNativeTarget;
			buildConfigurationList = CECF453A2C1FF0B5000DB293 /* Build configuration list for PBXNativeTarget "HabitManagerTests" */;
			buildPhases = (
				CECF451F2C1FF0B5000DB293 /* Sources */,
				CECF45202C1FF0B5000DB293 /* Frameworks */,
				CECF45212C1FF0B5000DB293 /* Resources */,
			);
			buildRules = (
			);
			dependencies = (
				CECF45252C1FF0B5000DB293 /* PBXTargetDependency */,
			);
			name = HabitManagerTests;
			productName = HabitManagerTests;
			productReference = CECF45232C1FF0B5000DB293 /* HabitManagerTests.xctest */;
			productType = "com.apple.product-type.bundle.unit-test";
		};
		CECF452C2C1FF0B5000DB293 /* HabitManagerUITests */ = {
			isa = PBXNativeTarget;
			buildConfigurationList = CECF453D2C1FF0B5000DB293 /* Build configuration list for PBXNativeTarget "HabitManagerUITests" */;
			buildPhases = (
				CECF45292C1FF0B5000DB293 /* Sources */,
				CECF452A2C1FF0B5000DB293 /* Frameworks */,
				CECF452B2C1FF0B5000DB293 /* Resources */,
			);
			buildRules = (
			);
			dependencies = (
				CECF452F2C1FF0B5000DB293 /* PBXTargetDependency */,
			);
			name = HabitManagerUITests;
			productName = HabitManagerUITests;
			productReference = CECF452D2C1FF0B5000DB293 /* HabitManagerUITests.xctest */;
			productType = "com.apple.product-type.bundle.ui-testing";
		};
/* End PBXNativeTarget section */

/* Begin PBXProject section */
		CECF45062C1FF0B3000DB293 /* Project object */ = {
			isa = PBXProject;
			attributes = {
				BuildIndependentTargetsInParallel = 1;
				LastSwiftUpdateCheck = 1540;
				LastUpgradeCheck = 1540;
				TargetAttributes = {
					CECF450D2C1FF0B3000DB293 = {
						CreatedOnToolsVersion = 15.4;
					};
					CECF45222C1FF0B5000DB293 = {
						CreatedOnToolsVersion = 15.4;
						TestTargetID = CECF450D2C1FF0B3000DB293;
					};
					CECF452C2C1FF0B5000DB293 = {
						CreatedOnToolsVersion = 15.4;
						TestTargetID = CECF450D2C1FF0B3000DB293;
					};
				};
			};
			buildConfigurationList = CECF45092C1FF0B3000DB293 /* Build configuration list for PBXProject "HabitManager" */;
			compatibilityVersion = "Xcode 14.0";
			developmentRegion = en;
			hasScannedForEncodings = 0;
			knownRegions = (
				en,
				Base,
			);
			mainGroup = CECF45052C1FF0B3000DB293;
			packageReferences = (
				CEF112DA2C24B89800D7C0ED /* XCRemoteSwiftPackageReference "firebase-ios-sdk" */,
			);
			productRefGroup = CECF450F2C1FF0B3000DB293 /* Products */;
			projectDirPath = "";
			projectRoot = "";
			targets = (
				CECF450D2C1FF0B3000DB293 /* HabitManager */,
				CECF45222C1FF0B5000DB293 /* HabitManagerTests */,
				CECF452C2C1FF0B5000DB293 /* HabitManagerUITests */,
			);
		};
/* End PBXProject section */

/* Begin PBXResourcesBuildPhase section */
		CECF450C2C1FF0B3000DB293 /* Resources */ = {
			isa = PBXResourcesBuildPhase;
			buildActionMask = 2147483647;
			files = (
				CECF45192C1FF0B5000DB293 /* Preview Assets.xcassets in Resources */,
				CECF45162C1FF0B5000DB293 /* Assets.xcassets in Resources */,
				CE0CE3572C52C5F300C3D779 /* GoogleService-Info.plist in Resources */,
			);
			runOnlyForDeploymentPostprocessing = 0;
		};
		CECF45212C1FF0B5000DB293 /* Resources */ = {
			isa = PBXResourcesBuildPhase;
			buildActionMask = 2147483647;
			files = (
			);
			runOnlyForDeploymentPostprocessing = 0;
		};
		CECF452B2C1FF0B5000DB293 /* Resources */ = {
			isa = PBXResourcesBuildPhase;
			buildActionMask = 2147483647;
			files = (
			);
			runOnlyForDeploymentPostprocessing = 0;
		};
/* End PBXResourcesBuildPhase section */

/* Begin PBXSourcesBuildPhase section */
		CECF450A2C1FF0B3000DB293 /* Sources */ = {
			isa = PBXSourcesBuildPhase;
			buildActionMask = 2147483647;
			files = (
				CECF451E2C1FF0B5000DB293 /* HabitManager.xcdatamodeld in Sources */,
				CECF451B2C1FF0B5000DB293 /* Persistence.swift in Sources */,
				CE4886C92C24B60A00FC398E /* HabitViewModel.swift in Sources */,
				CE4886CD2C24B63C00FC398E /* FIrebaseService.swift in Sources */,
				CE9EDD462C6A5A4E003FB401 /* UserViewModel.swift in Sources */,
				CE5FAE9C2C2896C50063F30A /* TopBar.swift in Sources */,
				CE9F7E502C6A145A00C46550 /* CreateAccountView.swift in Sources */,
				CE2DE5972C6BA7E8008DE8FB /* AppViewModel.swift in Sources */,
				CE9EDD482C6A5A67003FB401 /* User.swift in Sources */,
				CE2DE5952C6BA206008DE8FB /* HabitRowView.swift in Sources */,
				CE2DE5932C6B9EE7008DE8FB /* EditHabitView.swift in Sources */,
				CECF45122C1FF0B3000DB293 /* HabitManagerApp.swift in Sources */,
				CE4886C72C24B5EA00FC398E /* HabitListView.swift in Sources */,
				CE4886C52C24B5B500FC398E /* LoginView.swift in Sources */,
				CE4886CB2C24B61C00FC398E /* Habit.swift in Sources */,
				CE4886C32C24B5A100FC398E /* StartView.swift in Sources */,
				CEBC6FA32C24BECC003873C9 /* AddHabitView.swift in Sources */,
			);
			runOnlyForDeploymentPostprocessing = 0;
		};
		CECF451F2C1FF0B5000DB293 /* Sources */ = {
			isa = PBXSourcesBuildPhase;
			buildActionMask = 2147483647;
			files = (
				CECF45282C1FF0B5000DB293 /* HabitManagerTests.swift in Sources */,
			);
			runOnlyForDeploymentPostprocessing = 0;
		};
		CECF45292C1FF0B5000DB293 /* Sources */ = {
			isa = PBXSourcesBuildPhase;
			buildActionMask = 2147483647;
			files = (
				CECF45322C1FF0B5000DB293 /* HabitManagerUITests.swift in Sources */,
				CECF45342C1FF0B5000DB293 /* HabitManagerUITestsLaunchTests.swift in Sources */,
			);
			runOnlyForDeploymentPostprocessing = 0;
		};
/* End PBXSourcesBuildPhase section */

/* Begin PBXTargetDependency section */
		CECF45252C1FF0B5000DB293 /* PBXTargetDependency */ = {
			isa = PBXTargetDependency;
			target = CECF450D2C1FF0B3000DB293 /* HabitManager */;
			targetProxy = CECF45242C1FF0B5000DB293 /* PBXContainerItemProxy */;
		};
		CECF452F2C1FF0B5000DB293 /* PBXTargetDependency */ = {
			isa = PBXTargetDependency;
			target = CECF450D2C1FF0B3000DB293 /* HabitManager */;
			targetProxy = CECF452E2C1FF0B5000DB293 /* PBXContainerItemProxy */;
		};
/* End PBXTargetDependency section */

/* Begin XCBuildConfiguration section */
		CECF45352C1FF0B5000DB293 /* Debug */ = {
			isa = XCBuildConfiguration;
			buildSettings = {
				ALWAYS_SEARCH_USER_PATHS = NO;
				ASSETCATALOG_COMPILER_GENERATE_SWIFT_ASSET_SYMBOL_EXTENSIONS = YES;
				CLANG_ANALYZER_NONNULL = YES;
				CLANG_ANALYZER_NUMBER_OBJECT_CONVERSION = YES_AGGRESSIVE;
				CLANG_CXX_LANGUAGE_STANDARD = "gnu++20";
				CLANG_ENABLE_MODULES = YES;
				CLANG_ENABLE_OBJC_ARC = YES;
				CLANG_ENABLE_OBJC_WEAK = YES;
				CLANG_WARN_BLOCK_CAPTURE_AUTORELEASING = YES;
				CLANG_WARN_BOOL_CONVERSION = YES;
				CLANG_WARN_COMMA = YES;
				CLANG_WARN_CONSTANT_CONVERSION = YES;
				CLANG_WARN_DEPRECATED_OBJC_IMPLEMENTATIONS = YES;
				CLANG_WARN_DIRECT_OBJC_ISA_USAGE = YES_ERROR;
				CLANG_WARN_DOCUMENTATION_COMMENTS = YES;
				CLANG_WARN_EMPTY_BODY = YES;
				CLANG_WARN_ENUM_CONVERSION = YES;
				CLANG_WARN_INFINITE_RECURSION = YES;
				CLANG_WARN_INT_CONVERSION = YES;
				CLANG_WARN_NON_LITERAL_NULL_CONVERSION = YES;
				CLANG_WARN_OBJC_IMPLICIT_RETAIN_SELF = YES;
				CLANG_WARN_OBJC_LITERAL_CONVERSION = YES;
				CLANG_WARN_OBJC_ROOT_CLASS = YES_ERROR;
				CLANG_WARN_QUOTED_INCLUDE_IN_FRAMEWORK_HEADER = YES;
				CLANG_WARN_RANGE_LOOP_ANALYSIS = YES;
				CLANG_WARN_STRICT_PROTOTYPES = YES;
				CLANG_WARN_SUSPICIOUS_MOVE = YES;
				CLANG_WARN_UNGUARDED_AVAILABILITY = YES_AGGRESSIVE;
				CLANG_WARN_UNREACHABLE_CODE = YES;
				CLANG_WARN__DUPLICATE_METHOD_MATCH = YES;
				COPY_PHASE_STRIP = NO;
				DEBUG_INFORMATION_FORMAT = dwarf;
				ENABLE_STRICT_OBJC_MSGSEND = YES;
				ENABLE_TESTABILITY = YES;
				ENABLE_USER_SCRIPT_SANDBOXING = YES;
				GCC_C_LANGUAGE_STANDARD = gnu17;
				GCC_DYNAMIC_NO_PIC = NO;
				GCC_NO_COMMON_BLOCKS = YES;
				GCC_OPTIMIZATION_LEVEL = 0;
				GCC_PREPROCESSOR_DEFINITIONS = (
					"DEBUG=1",
					"$(inherited)",
				);
				GCC_WARN_64_TO_32_BIT_CONVERSION = YES;
				GCC_WARN_ABOUT_RETURN_TYPE = YES_ERROR;
				GCC_WARN_UNDECLARED_SELECTOR = YES;
				GCC_WARN_UNINITIALIZED_AUTOS = YES_AGGRESSIVE;
				GCC_WARN_UNUSED_FUNCTION = YES;
				GCC_WARN_UNUSED_VARIABLE = YES;
				IPHONEOS_DEPLOYMENT_TARGET = 17.0;
				LOCALIZATION_PREFERS_STRING_CATALOGS = YES;
				MTL_ENABLE_DEBUG_INFO = INCLUDE_SOURCE;
				MTL_FAST_MATH = YES;
				ONLY_ACTIVE_ARCH = YES;
				SDKROOT = iphoneos;
				SWIFT_ACTIVE_COMPILATION_CONDITIONS = "DEBUG $(inherited)";
				SWIFT_OPTIMIZATION_LEVEL = "-Onone";
			};
			name = Debug;
		};
		CECF45362C1FF0B5000DB293 /* Release */ = {
			isa = XCBuildConfiguration;
			buildSettings = {
				ALWAYS_SEARCH_USER_PATHS = NO;
				ASSETCATALOG_COMPILER_GENERATE_SWIFT_ASSET_SYMBOL_EXTENSIONS = YES;
				CLANG_ANALYZER_NONNULL = YES;
				CLANG_ANALYZER_NUMBER_OBJECT_CONVERSION = YES_AGGRESSIVE;
				CLANG_CXX_LANGUAGE_STANDARD = "gnu++20";
				CLANG_ENABLE_MODULES = YES;
				CLANG_ENABLE_OBJC_ARC = YES;
				CLANG_ENABLE_OBJC_WEAK = YES;
				CLANG_WARN_BLOCK_CAPTURE_AUTORELEASING = YES;
				CLANG_WARN_BOOL_CONVERSION = YES;
				CLANG_WARN_COMMA = YES;
				CLANG_WARN_CONSTANT_CONVERSION = YES;
				CLANG_WARN_DEPRECATED_OBJC_IMPLEMENTATIONS = YES;
				CLANG_WARN_DIRECT_OBJC_ISA_USAGE = YES_ERROR;
				CLANG_WARN_DOCUMENTATION_COMMENTS = YES;
				CLANG_WARN_EMPTY_BODY = YES;
				CLANG_WARN_ENUM_CONVERSION = YES;
				CLANG_WARN_INFINITE_RECURSION = YES;
				CLANG_WARN_INT_CONVERSION = YES;
				CLANG_WARN_NON_LITERAL_NULL_CONVERSION = YES;
				CLANG_WARN_OBJC_IMPLICIT_RETAIN_SELF = YES;
				CLANG_WARN_OBJC_LITERAL_CONVERSION = YES;
				CLANG_WARN_OBJC_ROOT_CLASS = YES_ERROR;
				CLANG_WARN_QUOTED_INCLUDE_IN_FRAMEWORK_HEADER = YES;
				CLANG_WARN_RANGE_LOOP_ANALYSIS = YES;
				CLANG_WARN_STRICT_PROTOTYPES = YES;
				CLANG_WARN_SUSPICIOUS_MOVE = YES;
				CLANG_WARN_UNGUARDED_AVAILABILITY = YES_AGGRESSIVE;
				CLANG_WARN_UNREACHABLE_CODE = YES;
				CLANG_WARN__DUPLICATE_METHOD_MATCH = YES;
				COPY_PHASE_STRIP = NO;
				DEBUG_INFORMATION_FORMAT = "dwarf-with-dsym";
				ENABLE_NS_ASSERTIONS = NO;
				ENABLE_STRICT_OBJC_MSGSEND = YES;
				ENABLE_USER_SCRIPT_SANDBOXING = YES;
				GCC_C_LANGUAGE_STANDARD = gnu17;
				GCC_NO_COMMON_BLOCKS = YES;
				GCC_WARN_64_TO_32_BIT_CONVERSION = YES;
				GCC_WARN_ABOUT_RETURN_TYPE = YES_ERROR;
				GCC_WARN_UNDECLARED_SELECTOR = YES;
				GCC_WARN_UNINITIALIZED_AUTOS = YES_AGGRESSIVE;
				GCC_WARN_UNUSED_FUNCTION = YES;
				GCC_WARN_UNUSED_VARIABLE = YES;
				IPHONEOS_DEPLOYMENT_TARGET = 17.0;
				LOCALIZATION_PREFERS_STRING_CATALOGS = YES;
				MTL_ENABLE_DEBUG_INFO = NO;
				MTL_FAST_MATH = YES;
				SDKROOT = iphoneos;
				SWIFT_COMPILATION_MODE = wholemodule;
				VALIDATE_PRODUCT = YES;
			};
			name = Release;
		};
		CECF45382C1FF0B5000DB293 /* Debug */ = {
			isa = XCBuildConfiguration;
			buildSettings = {
				ASSETCATALOG_COMPILER_APPICON_NAME = AppIcon;
				ASSETCATALOG_COMPILER_GLOBAL_ACCENT_COLOR_NAME = AccentColor;
				CODE_SIGN_STYLE = Automatic;
				CURRENT_PROJECT_VERSION = 1;
				DEVELOPMENT_ASSET_PATHS = "\"HabitManager/Preview Content\"";
				ENABLE_PREVIEWS = YES;
				GENERATE_INFOPLIST_FILE = YES;
				INFOPLIST_KEY_UIApplicationSceneManifest_Generation = YES;
				INFOPLIST_KEY_UIApplicationSupportsIndirectInputEvents = YES;
				INFOPLIST_KEY_UILaunchScreen_Generation = YES;
				INFOPLIST_KEY_UISupportedInterfaceOrientations_iPad = "UIInterfaceOrientationPortrait UIInterfaceOrientationPortraitUpsideDown UIInterfaceOrientationLandscapeLeft UIInterfaceOrientationLandscapeRight";
				INFOPLIST_KEY_UISupportedInterfaceOrientations_iPhone = "UIInterfaceOrientationPortrait UIInterfaceOrientationLandscapeLeft UIInterfaceOrientationLandscapeRight";
				LD_RUNPATH_SEARCH_PATHS = (
					"$(inherited)",
					"@executable_path/Frameworks",
				);
				MARKETING_VERSION = 1.0;
				PRODUCT_BUNDLE_IDENTIFIER = com.example.HabitManager;
				PRODUCT_NAME = "$(TARGET_NAME)";
				SWIFT_EMIT_LOC_STRINGS = YES;
				SWIFT_VERSION = 5.0;
				TARGETED_DEVICE_FAMILY = "1,2";
			};
			name = Debug;
		};
		CECF45392C1FF0B5000DB293 /* Release */ = {
			isa = XCBuildConfiguration;
			buildSettings = {
				ASSETCATALOG_COMPILER_APPICON_NAME = AppIcon;
				ASSETCATALOG_COMPILER_GLOBAL_ACCENT_COLOR_NAME = AccentColor;
				CODE_SIGN_STYLE = Automatic;
				CURRENT_PROJECT_VERSION = 1;
				DEVELOPMENT_ASSET_PATHS = "\"HabitManager/Preview Content\"";
				ENABLE_PREVIEWS = YES;
				GENERATE_INFOPLIST_FILE = YES;
				INFOPLIST_KEY_UIApplicationSceneManifest_Generation = YES;
				INFOPLIST_KEY_UIApplicationSupportsIndirectInputEvents = YES;
				INFOPLIST_KEY_UILaunchScreen_Generation = YES;
				INFOPLIST_KEY_UISupportedInterfaceOrientations_iPad = "UIInterfaceOrientationPortrait UIInterfaceOrientationPortraitUpsideDown UIInterfaceOrientationLandscapeLeft UIInterfaceOrientationLandscapeRight";
				INFOPLIST_KEY_UISupportedInterfaceOrientations_iPhone = "UIInterfaceOrientationPortrait UIInterfaceOrientationLandscapeLeft UIInterfaceOrientationLandscapeRight";
				LD_RUNPATH_SEARCH_PATHS = (
					"$(inherited)",
					"@executable_path/Frameworks",
				);
				MARKETING_VERSION = 1.0;
				PRODUCT_BUNDLE_IDENTIFIER = com.example.HabitManager;
				PRODUCT_NAME = "$(TARGET_NAME)";
				SWIFT_EMIT_LOC_STRINGS = YES;
				SWIFT_VERSION = 5.0;
				TARGETED_DEVICE_FAMILY = "1,2";
			};
			name = Release;
		};
		CECF453B2C1FF0B5000DB293 /* Debug */ = {
			isa = XCBuildConfiguration;
			buildSettings = {
				ALWAYS_EMBED_SWIFT_STANDARD_LIBRARIES = YES;
				BUNDLE_LOADER = "$(TEST_HOST)";
				CODE_SIGN_STYLE = Automatic;
				CURRENT_PROJECT_VERSION = 1;
				GENERATE_INFOPLIST_FILE = YES;
				IPHONEOS_DEPLOYMENT_TARGET = 17.5;
				MARKETING_VERSION = 1.0;
				PRODUCT_BUNDLE_IDENTIFIER = com.example.HabitManagerTests;
				PRODUCT_NAME = "$(TARGET_NAME)";
				SWIFT_EMIT_LOC_STRINGS = NO;
				SWIFT_VERSION = 5.0;
				TARGETED_DEVICE_FAMILY = "1,2";
				TEST_HOST = "$(BUILT_PRODUCTS_DIR)/HabitManager.app/$(BUNDLE_EXECUTABLE_FOLDER_PATH)/HabitManager";
			};
			name = Debug;
		};
		CECF453C2C1FF0B5000DB293 /* Release */ = {
			isa = XCBuildConfiguration;
			buildSettings = {
				ALWAYS_EMBED_SWIFT_STANDARD_LIBRARIES = YES;
				BUNDLE_LOADER = "$(TEST_HOST)";
				CODE_SIGN_STYLE = Automatic;
				CURRENT_PROJECT_VERSION = 1;
				GENERATE_INFOPLIST_FILE = YES;
				IPHONEOS_DEPLOYMENT_TARGET = 17.5;
				MARKETING_VERSION = 1.0;
				PRODUCT_BUNDLE_IDENTIFIER = com.example.HabitManagerTests;
				PRODUCT_NAME = "$(TARGET_NAME)";
				SWIFT_EMIT_LOC_STRINGS = NO;
				SWIFT_VERSION = 5.0;
				TARGETED_DEVICE_FAMILY = "1,2";
				TEST_HOST = "$(BUILT_PRODUCTS_DIR)/HabitManager.app/$(BUNDLE_EXECUTABLE_FOLDER_PATH)/HabitManager";
			};
			name = Release;
		};
		CECF453E2C1FF0B5000DB293 /* Debug */ = {
			isa = XCBuildConfiguration;
			buildSettings = {
				ALWAYS_EMBED_SWIFT_STANDARD_LIBRARIES = YES;
				CODE_SIGN_STYLE = Automatic;
				CURRENT_PROJECT_VERSION = 1;
				GENERATE_INFOPLIST_FILE = YES;
				MARKETING_VERSION = 1.0;
				PRODUCT_BUNDLE_IDENTIFIER = com.example.HabitManagerUITests;
				PRODUCT_NAME = "$(TARGET_NAME)";
				SWIFT_EMIT_LOC_STRINGS = NO;
				SWIFT_VERSION = 5.0;
				TARGETED_DEVICE_FAMILY = "1,2";
				TEST_TARGET_NAME = HabitManager;
			};
			name = Debug;
		};
		CECF453F2C1FF0B5000DB293 /* Release */ = {
			isa = XCBuildConfiguration;
			buildSettings = {
				ALWAYS_EMBED_SWIFT_STANDARD_LIBRARIES = YES;
				CODE_SIGN_STYLE = Automatic;
				CURRENT_PROJECT_VERSION = 1;
				GENERATE_INFOPLIST_FILE = YES;
				MARKETING_VERSION = 1.0;
				PRODUCT_BUNDLE_IDENTIFIER = com.example.HabitManagerUITests;
				PRODUCT_NAME = "$(TARGET_NAME)";
				SWIFT_EMIT_LOC_STRINGS = NO;
				SWIFT_VERSION = 5.0;
				TARGETED_DEVICE_FAMILY = "1,2";
				TEST_TARGET_NAME = HabitManager;
			};
			name = Release;
		};
/* End XCBuildConfiguration section */

/* Begin XCConfigurationList section */
		CECF45092C1FF0B3000DB293 /* Build configuration list for PBXProject "HabitManager" */ = {
			isa = XCConfigurationList;
			buildConfigurations = (
				CECF45352C1FF0B5000DB293 /* Debug */,
				CECF45362C1FF0B5000DB293 /* Release */,
			);
			defaultConfigurationIsVisible = 0;
			defaultConfigurationName = Release;
		};
		CECF45372C1FF0B5000DB293 /* Build configuration list for PBXNativeTarget "HabitManager" */ = {
			isa = XCConfigurationList;
			buildConfigurations = (
				CECF45382C1FF0B5000DB293 /* Debug */,
				CECF45392C1FF0B5000DB293 /* Release */,
			);
			defaultConfigurationIsVisible = 0;
			defaultConfigurationName = Release;
		};
		CECF453A2C1FF0B5000DB293 /* Build configuration list for PBXNativeTarget "HabitManagerTests" */ = {
			isa = XCConfigurationList;
			buildConfigurations = (
				CECF453B2C1FF0B5000DB293 /* Debug */,
				CECF453C2C1FF0B5000DB293 /* Release */,
			);
			defaultConfigurationIsVisible = 0;
			defaultConfigurationName = Release;
		};
		CECF453D2C1FF0B5000DB293 /* Build configuration list for PBXNativeTarget "HabitManagerUITests" */ = {
			isa = XCConfigurationList;
			buildConfigurations = (
				CECF453E2C1FF0B5000DB293 /* Debug */,
				CECF453F2C1FF0B5000DB293 /* Release */,
			);
			defaultConfigurationIsVisible = 0;
			defaultConfigurationName = Release;
		};
/* End XCConfigurationList section */

/* Begin XCRemoteSwiftPackageReference section */
		CEF112DA2C24B89800D7C0ED /* XCRemoteSwiftPackageReference "firebase-ios-sdk" */ = {
			isa = XCRemoteSwiftPackageReference;
			repositoryURL = "https://github.com/firebase/firebase-ios-sdk.git";
			requirement = {
				kind = upToNextMajorVersion;
				minimumVersion = 10.28.0;
			};
		};
/* End XCRemoteSwiftPackageReference section */

/* Begin XCSwiftPackageProductDependency section */
		CE414DB42C24BAEE00ACD9CF /* FirebaseAuth */ = {
			isa = XCSwiftPackageProductDependency;
			package = CEF112DA2C24B89800D7C0ED /* XCRemoteSwiftPackageReference "firebase-ios-sdk" */;
			productName = FirebaseAuth;
		};
		CE414DBA2C24BAEE00ACD9CF /* FirebaseFirestore */ = {
			isa = XCSwiftPackageProductDependency;
			package = CEF112DA2C24B89800D7C0ED /* XCRemoteSwiftPackageReference "firebase-ios-sdk" */;
			productName = FirebaseFirestore;
		};
		CE414DBE2C24BAEE00ACD9CF /* FirebaseFirestoreSwift */ = {
			isa = XCSwiftPackageProductDependency;
			package = CEF112DA2C24B89800D7C0ED /* XCRemoteSwiftPackageReference "firebase-ios-sdk" */;
			productName = FirebaseFirestoreSwift;
		};
/* End XCSwiftPackageProductDependency section */

/* Begin XCVersionGroup section */
		CECF451C2C1FF0B5000DB293 /* HabitManager.xcdatamodeld */ = {
			isa = XCVersionGroup;
			children = (
				CECF451D2C1FF0B5000DB293 /* HabitManager.xcdatamodel */,
			);
			currentVersion = CECF451D2C1FF0B5000DB293 /* HabitManager.xcdatamodel */;
			path = HabitManager.xcdatamodeld;
			sourceTree = "<group>";
			versionGroupType = wrapper.xcdatamodel;
		};
/* End XCVersionGroup section */
	};
	rootObject = CECF45062C1FF0B3000DB293 /* Project object */;
}
